
Microsoft Visual Studio Solution File, Format Version 12.00
# Visual Studio Version 16
VisualStudioVersion = 16.0.29418.71
MinimumVisualStudioVersion = 10.0.40219.1
Project("{FAE04EC0-301F-11D3-BF4B-00C04F79EFBC}") = "GameTop", "GameTop.csproj", "{468C8B6E-6B69-492E-B1D9-9B5D7E097B58}"
EndProject
Global
	GlobalSection(SolutionConfigurationPlatforms) = preSolution
		Debug|Any CPU = Debug|Any CPU
		Release|Any CPU = Release|Any CPU
	EndGlobalSection
	GlobalSection(ProjectConfigurationPlatforms) = postSolution
		{468C8B6E-6B69-492E-B1D9-9B5D7E097B58}.Debug|Any CPU.ActiveCfg = Debug|Any CPU
		{468C8B6E-6B69-492E-B1D9-9B5D7E097B58}.Debug|Any CPU.Build.0 = Debug|Any CPU
		{468C8B6E-6B69-492E-B1D9-9B5D7E097B58}.Release|Any CPU.ActiveCfg = Release|Any CPU
		{468C8B6E-6B69-492E-B1D9-9B5D7E097B58}.Release|Any CPU.Build.0 = Release|Any CPU
	EndGlobalSection
	GlobalSection(SolutionProperties) = preSolution
		HideSolutionNode = FALSE
	EndGlobalSection
	GlobalSection(ExtensibilityGlobals) = postSolution
		SolutionGuid = {954868B4-5D64-4070-94F4-003ADDD36DD8}
	EndGlobalSection
EndGlobal
